PODS:
  - Flutter (1.0.0)
  - flutter_inappwebview_ios (0.0.1):
    - Flutter
    - flutter_inappwebview_ios/Core (= 0.0.1)
    - OrderedSet (~> 6.0.3)
  - flutter_inappwebview_ios/Core (0.0.1):
    - Flutter
    - OrderedSet (~> 6.0.3)
  - FlutterPluginRegistrant (0.0.1):
    - Flutter
    - flutter_inappwebview_ios
    - url_launcher_ios
    - webview_flutter_wkwebview
  - OrderedSet (6.0.3)
  - tradeableIOSWrapper (1.0.0):
    - Flutter
  - url_launcher_ios (0.0.1):
    - Flutter
  - webview_flutter_wkwebview (0.0.1):
    - Flutter
    - FlutterMacOS

DEPENDENCIES:
  - Flutter (from `../tradeable_flutter_sdk_module/.ios/Flutter`)
  - flutter_inappwebview_ios (from `../tradeable_flutter_sdk_module/.ios/.symlinks/plugins/flutter_inappwebview_ios/ios`)
  - FlutterPluginRegistrant (from `../tradeable_flutter_sdk_module/.ios/Flutter/FlutterPluginRegistrant`)
  - tradeableIOSWrapper (from `../tradeableIOSWrapper`)
  - url_launcher_ios (from `../tradeable_flutter_sdk_module/.ios/.symlinks/plugins/url_launcher_ios/ios`)
  - webview_flutter_wkwebview (from `../tradeable_flutter_sdk_module/.ios/.symlinks/plugins/webview_flutter_wkwebview/darwin`)

SPEC REPOS:
  trunk:
    - OrderedSet

EXTERNAL SOURCES:
  Flutter:
    :path: "../tradeable_flutter_sdk_module/.ios/Flutter"
  flutter_inappwebview_ios:
    :path: "../tradeable_flutter_sdk_module/.ios/.symlinks/plugins/flutter_inappwebview_ios/ios"
  FlutterPluginRegistrant:
    :path: "../tradeable_flutter_sdk_module/.ios/Flutter/FlutterPluginRegistrant"
  tradeableIOSWrapper:
    :path: "../tradeableIOSWrapper"
  url_launcher_ios:
    :path: "../tradeable_flutter_sdk_module/.ios/.symlinks/plugins/url_launcher_ios/ios"
  webview_flutter_wkwebview:
    :path: "../tradeable_flutter_sdk_module/.ios/.symlinks/plugins/webview_flutter_wkwebview/darwin"

SPEC CHECKSUMS:
  Flutter: cabc95a1d2626b1b06e7179b784ebcf0c0cde467
  flutter_inappwebview_ios: b89ba3482b96fb25e00c967aae065701b66e9b99
  FlutterPluginRegistrant: 939d0598445d160dd4c445aa2aab387c6860e17c
  OrderedSet: e539b66b644ff081c73a262d24ad552a69be3a94
  tradeableIOSWrapper: 701cfa248274277664fe2dee2a64e05e0952445e
  url_launcher_ios: 694010445543906933d732453a59da0a173ae33d
  webview_flutter_wkwebview: 1821ceac936eba6f7984d89a9f3bcb4dea99ebb2

PODFILE CHECKSUM: 5d191da104d00a46d65b78bffa461b3f75bc0489

COCOAPODS: 1.16.2
